
Microsoft Visual Studio Solution File, Format Version 12.00
# Visual Studio Version 17
VisualStudioVersion = 17.4.33213.308
MinimumVisualStudioVersion = 10.0.40219.1
Project("{9A19103F-16F7-4668-BE54-9A1E7A4F7556}") = "MeteoStorm.Daemon", "MeteoStorm.Daemon\MeteoStorm.Daemon.csproj", "{AF8EFC1B-63B2-4950-BAF6-3122B875FE3C}"
EndProject
Project("{9A19103F-16F7-4668-BE54-9A1E7A4F7556}") = "MeteoStorm.DataAccess", "MeteoStorm.DataAccess\MeteoStorm.DataAccess.csproj", "{36E52652-3298-4790-A1E6-53323EB2C166}"
EndProject
Project("{2150E333-8FDC-42A3-9474-1A3956D46DE8}") = "Элементы решения", "Элементы решения", "{BA0B90CD-D9C9-41A0-9CE1-F455059BEA16}"
	ProjectSection(SolutionItems) = preProject
		.gitignore = .gitignore
	EndProjectSection
EndProject
Project("{FAE04EC0-301F-11D3-BF4B-00C04F79EFBC}") = "Services", "Services\Services.csproj", "{2D3EDE54-39BD-484E-BE74-A52E1A089B34}"
EndProject
Global
	GlobalSection(SolutionConfigurationPlatforms) = preSolution
		Debug|Any CPU = Debug|Any CPU
		Release|Any CPU = Release|Any CPU
	EndGlobalSection
	GlobalSection(ProjectConfigurationPlatforms) = postSolution
		{AF8EFC1B-63B2-4950-BAF6-3122B875FE3C}.Debug|Any CPU.ActiveCfg = Debug|Any CPU
		{AF8EFC1B-63B2-4950-BAF6-3122B875FE3C}.Debug|Any CPU.Build.0 = Debug|Any CPU
		{AF8EFC1B-63B2-4950-BAF6-3122B875FE3C}.Release|Any CPU.ActiveCfg = Release|Any CPU
		{AF8EFC1B-63B2-4950-BAF6-3122B875FE3C}.Release|Any CPU.Build.0 = Release|Any CPU
		{36E52652-3298-4790-A1E6-53323EB2C166}.Debug|Any CPU.ActiveCfg = Debug|Any CPU
		{36E52652-3298-4790-A1E6-53323EB2C166}.Debug|Any CPU.Build.0 = Debug|Any CPU
		{36E52652-3298-4790-A1E6-53323EB2C166}.Release|Any CPU.ActiveCfg = Release|Any CPU
		{36E52652-3298-4790-A1E6-53323EB2C166}.Release|Any CPU.Build.0 = Release|Any CPU
		{2D3EDE54-39BD-484E-BE74-A52E1A089B34}.Debug|Any CPU.ActiveCfg = Debug|Any CPU
		{2D3EDE54-39BD-484E-BE74-A52E1A089B34}.Debug|Any CPU.Build.0 = Debug|Any CPU
		{2D3EDE54-39BD-484E-BE74-A52E1A089B34}.Release|Any CPU.ActiveCfg = Release|Any CPU
		{2D3EDE54-39BD-484E-BE74-A52E1A089B34}.Release|Any CPU.Build.0 = Release|Any CPU
	EndGlobalSection
	GlobalSection(SolutionProperties) = preSolution
		HideSolutionNode = FALSE
	EndGlobalSection
	GlobalSection(ExtensibilityGlobals) = postSolution
		SolutionGuid = {04A147DB-6F46-4763-BC8E-AB0AC8525168}
	EndGlobalSection
EndGlobal
